
Microsoft Visual Studio Solution File, Format Version 12.00
# Visual Studio 14
VisualStudioVersion = 14.0.25123.0
MinimumVisualStudioVersion = 10.0.40219.1
Project("{2150E333-8FDC-42A3-9474-1A3956D46DE8}") = "src", "src", "{2020AC68-78E1-4D95-AF3C-2186B9362078}"
EndProject
Project("{2150E333-8FDC-42A3-9474-1A3956D46DE8}") = "Solution Items", "Solution Items", "{B7C5F4AE-7354-4122-89A5-2E1ADF8ADC10}"
	ProjectSection(SolutionItems) = preProject
		src\skeleton\.gitignore = src\skeleton\.gitignore
		global.json = global.json
	EndProjectSection
EndProject
Project("{8BB2217D-0F2D-49D1-97BC-3654ED321F3B}") = "skeleton", "src\skeleton\skeleton.xproj", "{4AAFD9A8-008C-4ADF-8089-90C6ED4B96E3}"
EndProject
Global
	GlobalSection(SolutionConfigurationPlatforms) = preSolution
		Debug|Any CPU = Debug|Any CPU
		Release|Any CPU = Release|Any CPU
	EndGlobalSection
	GlobalSection(ProjectConfigurationPlatforms) = postSolution
		{4AAFD9A8-008C-4ADF-8089-90C6ED4B96E3}.Debug|Any CPU.ActiveCfg = Debug|Any CPU
		{4AAFD9A8-008C-4ADF-8089-90C6ED4B96E3}.Debug|Any CPU.Build.0 = Debug|Any CPU
		{4AAFD9A8-008C-4ADF-8089-90C6ED4B96E3}.Release|Any CPU.ActiveCfg = Release|Any CPU
		{4AAFD9A8-008C-4ADF-8089-90C6ED4B96E3}.Release|Any CPU.Build.0 = Release|Any CPU
	EndGlobalSection
	GlobalSection(SolutionProperties) = preSolution
		HideSolutionNode = FALSE
	EndGlobalSection
	GlobalSection(NestedProjects) = preSolution
		{4AAFD9A8-008C-4ADF-8089-90C6ED4B96E3} = {2020AC68-78E1-4D95-AF3C-2186B9362078}
	EndGlobalSection
EndGlobal
